{
  "nodes": {
    "nixpkgs": {
      "locked": {
        "lastModified": 1633121837,
        "narHash": "sha256-q7Ln7Sr7vcHH6p6ivL1Ak9tR8trGZETBiAHoJdiBAao=",
        "owner": "JosephLucas",
        "repo": "nixpkgs",
        "rev": "0d317274e30cf70a6c79f05c65360d78054f585e",
        "type": "github"
      },
      "original": {
        "owner": "JosephLucas",
        "ref": "anastasis",
        "repo": "nixpkgs",
        "type": "github"
      }
    },
    "root": {
      "inputs": {
        "nixpkgs": "nixpkgs"
      }
    }
  },
  "root": "root",
  "version": 7
}
