{
  "nodes": {
    "aeidon-src": {
      "flake": false,
      "locked": {
        "lastModified": 1648947925,
        "narHash": "sha256-iF2ScQFYxYM2o18Cfy6U6JAZxIiZSsGrWEb4yjyECwc=",
        "owner": "otsaloma",
        "repo": "gaupol",
        "rev": "51ae5c96e25fef795f29df0684f9c00e615e74e7",
        "type": "github"
      },
      "original": {
        "owner": "otsaloma",
        "ref": "1.11",
        "repo": "gaupol",
        "type": "github"
      }
    },
    "nixpkgs": {
      "locked": {
        "lastModified": 1650161686,
        "narHash": "sha256-70ZWAlOQ9nAZ08OU6WY7n4Ij2kOO199dLfNlvO/+pf8=",
        "owner": "NixOS",
        "repo": "Nixpkgs",
        "rev": "1ffba9f2f683063c2b14c9f4d12c55ad5f4ed887",
        "type": "github"
      },
      "original": {
        "owner": "NixOS",
        "ref": "nixos-unstable",
        "repo": "Nixpkgs",
        "type": "github"
      }
    },
    "root": {
      "inputs": {
        "aeidon-src": "aeidon-src",
        "nixpkgs": "nixpkgs",
        "weblate": "weblate"
      }
    },
    "weblate": {
      "flake": false,
      "locked": {
        "lastModified": 1650464010,
        "narHash": "sha256-8SVwbwxXZX7HCers7kgjXplPirNHeC4Zkhm6IDYA2sA=",
        "owner": "WeblateOrg",
        "repo": "weblate",
        "rev": "7fd0aa076a7701f8e9fe8cda99cd00f4ede3d2bc",
        "type": "github"
      },
      "original": {
        "owner": "WeblateOrg",
        "ref": "weblate-4.12",
        "repo": "weblate",
        "type": "github"
      }
    }
  },
  "root": "root",
  "version": 7
}
