{
  "nodes": {
    "mvn2nix-src": {
      "inputs": {
        "nixpkgs": [
          "nixpkgs"
        ],
        "utils": "utils"
      },
      "locked": {
        "lastModified": 1629170129,
        "narHash": "sha256-v/HvYqzkPaGin1ujo+Fi59wXC9vWxW3lYVSwElORRi8=",
        "owner": "fzakaria",
        "repo": "mvn2nix",
        "rev": "ea21cfe97069feee55fa307ca9b125616c1fa84f",
        "type": "github"
      },
      "original": {
        "owner": "fzakaria",
        "repo": "mvn2nix",
        "type": "github"
      }
    },
    "nixpkgs": {
      "locked": {
        "lastModified": 1628544487,
        "narHash": "sha256-hPr1QDIasZTT48dPEQpKGstSKY6U1S/MljxDDWNFZiM=",
        "owner": "NixOS",
        "repo": "nixpkgs",
        "rev": "3f7771d65cca13a229e11f4aeaaf9245414a2134",
        "type": "github"
      },
      "original": {
        "id": "nixpkgs",
        "ref": "nixpkgs-unstable",
        "type": "indirect"
      }
    },
    "npmlock2nix-src": {
      "flake": false,
      "locked": {
        "lastModified": 1629559065,
        "narHash": "sha256-yfa0/v7cN1cO2KmTUo6SJVJ+ke2NA8EYcA/1kw7+v5Q=",
        "owner": "nix-community",
        "repo": "npmlock2nix",
        "rev": "4ac13bfffcbb76b9e41701e4822808d2061b73b3",
        "type": "github"
      },
      "original": {
        "owner": "nix-community",
        "repo": "npmlock2nix",
        "type": "github"
      }
    },
    "root": {
      "inputs": {
        "mvn2nix-src": "mvn2nix-src",
        "nixpkgs": "nixpkgs",
        "npmlock2nix-src": "npmlock2nix-src"
      }
    },
    "utils": {
      "locked": {
        "lastModified": 1623875721,
        "narHash": "sha256-A8BU7bjS5GirpAUv4QA+QnJ4CceLHkcXdRp4xITDB0s=",
        "owner": "numtide",
        "repo": "flake-utils",
        "rev": "f7e004a55b120c02ecb6219596820fcd32ca8772",
        "type": "github"
      },
      "original": {
        "owner": "numtide",
        "repo": "flake-utils",
        "type": "github"
      }
    }
  },
  "root": "root",
  "version": 7
}
